Microsoft Visual Studio Solution File, Format Version 12.00
# Visual Studio Version 17
VisualStudioVersion = 17.5.2.0
MinimumVisualStudioVersion = 10.0.40219.1
Project("{FAE04EC0-301F-11D3-BF4B-00C04F79EFBC}") = "To-Do List", "To-Do List.csproj", "{DE0B2B64-BBB0-E115-E044-B169658F2EE3}"
EndProject
Global
	GlobalSection(SolutionConfigurationPlatforms) = preSolution
		Debug|Any CPU = Debug|Any CPU
		Release|Any CPU = Release|Any CPU
	EndGlobalSection
	GlobalSection(ProjectConfigurationPlatforms) = postSolution
		{DE0B2B64-BBB0-E115-E044-B169658F2EE3}.Debug|Any CPU.ActiveCfg = Debug|Any CPU
		{DE0B2B64-BBB0-E115-E044-B169658F2EE3}.Debug|Any CPU.Build.0 = Debug|Any CPU
		{DE0B2B64-BBB0-E115-E044-B169658F2EE3}.Release|Any CPU.ActiveCfg = Release|Any CPU
		{DE0B2B64-BBB0-E115-E044-B169658F2EE3}.Release|Any CPU.Build.0 = Release|Any CPU
	EndGlobalSection
	GlobalSection(SolutionProperties) = preSolution
		HideSolutionNode = FALSE
	EndGlobalSection
	GlobalSection(ExtensibilityGlobals) = postSolution
		SolutionGuid = {DAB84520-66FB-47A3-B1B6-8C535EB34553}
	EndGlobalSection
EndGlobal
